
Microsoft Visual Studio Solution File, Format Version 12.00
# Visual Studio 15
VisualStudioVersion = 15.0.27703.2018
MinimumVisualStudioVersion = 10.0.40219.1
Project("{FAE04EC0-301F-11D3-BF4B-00C04F79EFBC}") = "Tello.Net", "Tello.Net\Tello.Net.csproj", "{D65E424E-AB35-4FA6-BDD5-E4D3273A3962}"
EndProject
Project("{FAE04EC0-301F-11D3-BF4B-00C04F79EFBC}") = "TelloTest", "TelloTest\TelloTest.csproj", "{635F022A-651E-4251-8331-0528F3C65855}"
EndProject
Global
	GlobalSection(SolutionConfigurationPlatforms) = preSolution
		Debug|Any CPU = Debug|Any CPU
		Release|Any CPU = Release|Any CPU
	EndGlobalSection
	GlobalSection(ProjectConfigurationPlatforms) = postSolution
		{D65E424E-AB35-4FA6-BDD5-E4D3273A3962}.Debug|Any CPU.ActiveCfg = Debug|Any CPU
		{D65E424E-AB35-4FA6-BDD5-E4D3273A3962}.Debug|Any CPU.Build.0 = Debug|Any CPU
		{D65E424E-AB35-4FA6-BDD5-E4D3273A3962}.Release|Any CPU.ActiveCfg = Release|Any CPU
		{D65E424E-AB35-4FA6-BDD5-E4D3273A3962}.Release|Any CPU.Build.0 = Release|Any CPU
		{635F022A-651E-4251-8331-0528F3C65855}.Debug|Any CPU.ActiveCfg = Debug|Any CPU
		{635F022A-651E-4251-8331-0528F3C65855}.Debug|Any CPU.Build.0 = Debug|Any CPU
		{635F022A-651E-4251-8331-0528F3C65855}.Release|Any CPU.ActiveCfg = Release|Any CPU
		{635F022A-651E-4251-8331-0528F3C65855}.Release|Any CPU.Build.0 = Release|Any CPU
	EndGlobalSection
	GlobalSection(SolutionProperties) = preSolution
		HideSolutionNode = FALSE
	EndGlobalSection
	GlobalSection(ExtensibilityGlobals) = postSolution
		SolutionGuid = {8E9F1E67-12A6-4D77-888F-A6A5C90FCFF9}
	EndGlobalSection
EndGlobal
